
Microsoft Visual Studio Solution File, Format Version 12.00
# Visual Studio Version 17
VisualStudioVersion = 17.9.34723.18
MinimumVisualStudioVersion = 10.0.40219.1
Project("{FAE04EC0-301F-11D3-BF4B-00C04F79EFBC}") = "DZ_2_ChildrenProcesses", "DZ_2_ChildrenProcesses\DZ_2_ChildrenProcesses.csproj", "{05E60BD9-F8FE-4925-9940-C1578CE8E2C5}"
EndProject
Project("{FAE04EC0-301F-11D3-BF4B-00C04F79EFBC}") = "ChildCalc", "ChildCalc\ChildCalc.csproj", "{8B72D1C5-F47A-42C1-8C86-06203DDB0723}"
EndProject
Project("{FAE04EC0-301F-11D3-BF4B-00C04F79EFBC}") = "ChildSearch", "ChildSearch\ChildSearch.csproj", "{6CB394A6-EFC6-46B9-83FA-BC24FE7C36FE}"
EndProject
Global
	GlobalSection(SolutionConfigurationPlatforms) = preSolution
		Debug|Any CPU = Debug|Any CPU
		Release|Any CPU = Release|Any CPU
	EndGlobalSection
	GlobalSection(ProjectConfigurationPlatforms) = postSolution
		{05E60BD9-F8FE-4925-9940-C1578CE8E2C5}.Debug|Any CPU.ActiveCfg = Debug|Any CPU
		{05E60BD9-F8FE-4925-9940-C1578CE8E2C5}.Debug|Any CPU.Build.0 = Debug|Any CPU
		{05E60BD9-F8FE-4925-9940-C1578CE8E2C5}.Release|Any CPU.ActiveCfg = Release|Any CPU
		{05E60BD9-F8FE-4925-9940-C1578CE8E2C5}.Release|Any CPU.Build.0 = Release|Any CPU
		{8B72D1C5-F47A-42C1-8C86-06203DDB0723}.Debug|Any CPU.ActiveCfg = Debug|Any CPU
		{8B72D1C5-F47A-42C1-8C86-06203DDB0723}.Debug|Any CPU.Build.0 = Debug|Any CPU
		{8B72D1C5-F47A-42C1-8C86-06203DDB0723}.Release|Any CPU.ActiveCfg = Release|Any CPU
		{8B72D1C5-F47A-42C1-8C86-06203DDB0723}.Release|Any CPU.Build.0 = Release|Any CPU
		{6CB394A6-EFC6-46B9-83FA-BC24FE7C36FE}.Debug|Any CPU.ActiveCfg = Debug|Any CPU
		{6CB394A6-EFC6-46B9-83FA-BC24FE7C36FE}.Debug|Any CPU.Build.0 = Debug|Any CPU
		{6CB394A6-EFC6-46B9-83FA-BC24FE7C36FE}.Release|Any CPU.ActiveCfg = Release|Any CPU
		{6CB394A6-EFC6-46B9-83FA-BC24FE7C36FE}.Release|Any CPU.Build.0 = Release|Any CPU
	EndGlobalSection
	GlobalSection(SolutionProperties) = preSolution
		HideSolutionNode = FALSE
	EndGlobalSection
	GlobalSection(ExtensibilityGlobals) = postSolution
		SolutionGuid = {67CC0FDA-69CA-4515-8187-1AB923DE09F6}
	EndGlobalSection
EndGlobal
